{
  "originHash" : "4718caf9344d1452d2c2aec8e7e2796185f844200c4b2acba37ee480fd65998d",
  "pins" : [
    {
      "identity" : "doordeck-headless-sdk-spm",
      "kind" : "remoteSourceControl",
      "location" : "https://github.com/doordeck/doordeck-headless-sdk-spm",
      "state" : {
        "branch" : "main",
        "revision" : "bd3ba2ec93cca7227db1762f8be2f3268909318d"
      }
    },
    {
      "identity" : "qrcodereader.swift",
      "kind" : "remoteSourceControl",
      "location" : "https://github.com/yannickl/QRCodeReader.swift",
      "state" : {
        "revision" : "5020b5a47199d8ba80c83a4b4fafd70e9dc9dc7f",
        "version" : "10.1.1"
      }
    },
    {
      "identity" : "reachability.swift",
      "kind" : "remoteSourceControl",
      "location" : "https://github.com/ashleymills/Reachability.swift",
      "state" : {
        "revision" : "c01bbdf2d633cf049ae1ed1a68a2020a8bda32e2"
      }
    }
  ],
  "version" : 3
}
