// !$*UTF8*$!
{
	archiveVersion = 1;
	classes = {
	};
	objectVersion = 50;
	objects = {

/* Begin PBXBuildFile section */
		59029C0A2268B636009FAE5C /* AppDelegate.swift in Sources */ = {isa = PBXBuildFile; fileRef = 59029C092268B636009FAE5C /* AppDelegate.swift */; };
		59029C0C2268B636009FAE5C /* ViewController.swift in Sources */ = {isa = PBXBuildFile; fileRef = 59029C0B2268B636009FAE5C /* ViewController.swift */; };
		59029C0F2268B636009FAE5C /* Main.storyboard in Resources */ = {isa = PBXBuildFile; fileRef = 59029C0D2268B636009FAE5C /* Main.storyboard */; };
		59029C112268B638009FAE5C /* Assets.xcassets in Resources */ = {isa = PBXBuildFile; fileRef = 59029C102268B638009FAE5C /* Assets.xcassets */; };
		59029C142268B638009FAE5C /* LaunchScreen.storyboard in Resources */ = {isa = PBXBuildFile; fileRef = 59029C122268B638009FAE5C /* LaunchScreen.storyboard */; };
		59FCBE48226F49A400D7BFA5 /* DoNotCommit.swift in Sources */ = {isa = PBXBuildFile; fileRef = 59FCBE47226F49A400D7BFA5 /* DoNotCommit.swift */; };
/* End PBXBuildFile section */

/* Begin PBXFileReference section */
		59029C092268B636009FAE5C /* AppDelegate.swift */ = {isa = PBXFileReference; lastKnownFileType = sourcecode.swift; path = AppDelegate.swift; sourceTree = "<group>"; };
		59029C0B2268B636009FAE5C /* ViewController.swift */ = {isa = PBXFileReference; lastKnownFileType = sourcecode.swift; path = ViewController.swift; sourceTree = "<group>"; };
		59029C0E2268B636009FAE5C /* Base */ = {isa = PBXFileReference; lastKnownFileType = file.storyboard; name = Base; path = Base.lproj/Main.storyboard; sourceTree = "<group>"; };
		59029C102268B638009FAE5C /* Assets.xcassets */ = {isa = PBXFileReference; lastKnownFileType = folder.assetcatalog; path = Assets.xcassets; sourceTree = "<group>"; };
		59029C132268B638009FAE5C /* Base */ = {isa = PBXFileReference; lastKnownFileType = file.storyboard; name = Base; path = Base.lproj/LaunchScreen.storyboard; sourceTree = "<group>"; };
		59029C152268B638009FAE5C /* Info.plist */ = {isa = PBXFileReference; lastKnownFileType = text.plist.xml; path = Info.plist; sourceTree = "<group>"; };
		59ABB7D12271F3770048BCF5 /* doordeck-sdk-swift-sample.entitlements */ = {isa = PBXFileReference; lastKnownFileType = text.plist.entitlements; path = "doordeck-sdk-swift-sample.entitlements"; sourceTree = "<group>"; };
		59C563B0251A0E1A00C59255 /* Security.framework */ = {isa = PBXFileReference; lastKnownFileType = wrapper.framework; name = Security.framework; path = System/Library/Frameworks/Security.framework; sourceTree = SDKROOT; };
		59C563B3251A0E2700C59255 /* doordeck-sdk-swift-sample.app */ = {isa = PBXFileReference; explicitFileType = wrapper.application; includeInIndex = 0; path = "doordeck-sdk-swift-sample.app"; sourceTree = BUILT_PRODUCTS_DIR; };
		59FCBE47226F49A400D7BFA5 /* DoNotCommit.swift */ = {isa = PBXFileReference; lastKnownFileType = sourcecode.swift; path = DoNotCommit.swift; sourceTree = "<group>"; };
/* End PBXFileReference section */

/* Begin PBXFrameworksBuildPhase section */
		59029C032268B636009FAE5C /* Frameworks */ = {
			isa = PBXFrameworksBuildPhase;
			buildActionMask = 2147483647;
			files = (
			);
			runOnlyForDeploymentPostprocessing = 0;
		};
/* End PBXFrameworksBuildPhase section */

/* Begin PBXGroup section */
		59029BFD2268B636009FAE5C = {
			isa = PBXGroup;
			children = (
				59029C082268B636009FAE5C /* doordeck-sdk-swift-sample */,
				59C563AF251A0E1A00C59255 /* Frameworks */,
				59C563B3251A0E2700C59255 /* doordeck-sdk-swift-sample.app */,
			);
			sourceTree = "<group>";
		};
		59029C082268B636009FAE5C /* doordeck-sdk-swift-sample */ = {
			isa = PBXGroup;
			children = (
				59ABB7D12271F3770048BCF5 /* doordeck-sdk-swift-sample.entitlements */,
				59029C092268B636009FAE5C /* AppDelegate.swift */,
				59029C0B2268B636009FAE5C /* ViewController.swift */,
				59FCBE47226F49A400D7BFA5 /* DoNotCommit.swift */,
				59029C0D2268B636009FAE5C /* Main.storyboard */,
				59029C102268B638009FAE5C /* Assets.xcassets */,
				59029C122268B638009FAE5C /* LaunchScreen.storyboard */,
				59029C152268B638009FAE5C /* Info.plist */,
			);
			path = "doordeck-sdk-swift-sample";
			sourceTree = "<group>";
		};
		59C563AF251A0E1A00C59255 /* Frameworks */ = {
			isa = PBXGroup;
			children = (
				59C563B0251A0E1A00C59255 /* Security.framework */,
			);
			name = Frameworks;
			sourceTree = "<group>";
		};
/* End PBXGroup section */

/* Begin PBXNativeTarget section */
		59029C052268B636009FAE5C /* doordeck-sdk-swift-sample */ = {
			isa = PBXNativeTarget;
			buildConfigurationList = 59029C182268B638009FAE5C /* Build configuration list for PBXNativeTarget "doordeck-sdk-swift-sample" */;
			buildPhases = (
				59029C022268B636009FAE5C /* Sources */,
				59029C032268B636009FAE5C /* Frameworks */,
				59029C042268B636009FAE5C /* Resources */,
			);
			buildRules = (
			);
			dependencies = (
			);
			name = "doordeck-sdk-swift-sample";
			packageProductDependencies = (
			);
			productName = "doordeck-sdk-swift-sample";
			productReference = 59C563B3251A0E2700C59255 /* doordeck-sdk-swift-sample.app */;
			productType = "com.apple.product-type.application";
		};
/* End PBXNativeTarget section */

/* Begin PBXProject section */
		59029BFE2268B636009FAE5C /* Project object */ = {
			isa = PBXProject;
			attributes = {
				LastSwiftUpdateCheck = 1020;
				LastUpgradeCheck = 1200;
				ORGANIZATIONNAME = Doordeck;
				TargetAttributes = {
					59029C052268B636009FAE5C = {
						CreatedOnToolsVersion = 10.2.1;
						SystemCapabilities = {
							com.apple.NearFieldCommunicationTagReading = {
								enabled = 1;
							};
						};
					};
				};
			};
			buildConfigurationList = 59029C012268B636009FAE5C /* Build configuration list for PBXProject "doordeck-sdk-swift-sample" */;
			compatibilityVersion = "Xcode 9.3";
			developmentRegion = en;
			hasScannedForEncodings = 0;
			knownRegions = (
				en,
				Base,
			);
			mainGroup = 59029BFD2268B636009FAE5C;
			packageReferences = (
			);
			productRefGroup = 59029BFD2268B636009FAE5C;
			projectDirPath = "";
			projectRoot = "";
			targets = (
				59029C052268B636009FAE5C /* doordeck-sdk-swift-sample */,
			);
		};
/* End PBXProject section */

/* Begin PBXResourcesBuildPhase section */
		59029C042268B636009FAE5C /* Resources */ = {
			isa = PBXResourcesBuildPhase;
			buildActionMask = 2147483647;
			files = (
				59029C142268B638009FAE5C /* LaunchScreen.storyboard in Resources */,
				59029C112268B638009FAE5C /* Assets.xcassets in Resources */,
				59029C0F2268B636009FAE5C /* Main.storyboard in Resources */,
			);
			runOnlyForDeploymentPostprocessing = 0;
		};
/* End PBXResourcesBuildPhase section */

/* Begin PBXSourcesBuildPhase section */
		59029C022268B636009FAE5C /* Sources */ = {
			isa = PBXSourcesBuildPhase;
			buildActionMask = 2147483647;
			files = (
				59FCBE48226F49A400D7BFA5 /* DoNotCommit.swift in Sources */,
				59029C0C2268B636009FAE5C /* ViewController.swift in Sources */,
				59029C0A2268B636009FAE5C /* AppDelegate.swift in Sources */,
			);
			runOnlyForDeploymentPostprocessing = 0;
		};
/* End PBXSourcesBuildPhase section */

/* Begin PBXVariantGroup section */
		59029C0D2268B636009FAE5C /* Main.storyboard */ = {
			isa = PBXVariantGroup;
			children = (
				59029C0E2268B636009FAE5C /* Base */,
			);
			name = Main.storyboard;
			sourceTree = "<group>";
		};
		59029C122268B638009FAE5C /* LaunchScreen.storyboard */ = {
			isa = PBXVariantGroup;
			children = (
				59029C132268B638009FAE5C /* Base */,
			);
			name = LaunchScreen.storyboard;
			sourceTree = "<group>";
		};
/* End PBXVariantGroup section */

/* Begin XCBuildConfiguration section */
		59029C162268B638009FAE5C /* Debug */ = {
			isa = XCBuildConfiguration;
			buildSettings = {
				ALWAYS_SEARCH_USER_PATHS = NO;
				CLANG_ANALYZER_NONNULL = YES;
				CLANG_ANALYZER_NUMBER_OBJECT_CONVERSION = YES_AGGRESSIVE;
				CLANG_CXX_LANGUAGE_STANDARD = "gnu++14";
				CLANG_CXX_LIBRARY = "libc++";
				CLANG_ENABLE_MODULES = YES;
				CLANG_ENABLE_OBJC_ARC = YES;
				CLANG_ENABLE_OBJC_WEAK = YES;
				CLANG_WARN_BLOCK_CAPTURE_AUTORELEASING = YES;
				CLANG_WARN_BOOL_CONVERSION = YES;
				CLANG_WARN_COMMA = YES;
				CLANG_WARN_CONSTANT_CONVERSION = YES;
				CLANG_WARN_DEPRECATED_OBJC_IMPLEMENTATIONS = YES;
				CLANG_WARN_DIRECT_OBJC_ISA_USAGE = YES_ERROR;
				CLANG_WARN_DOCUMENTATION_COMMENTS = YES;
				CLANG_WARN_EMPTY_BODY = YES;
				CLANG_WARN_ENUM_CONVERSION = YES;
				CLANG_WARN_INFINITE_RECURSION = YES;
				CLANG_WARN_INT_CONVERSION = YES;
				CLANG_WARN_NON_LITERAL_NULL_CONVERSION = YES;
				CLANG_WARN_OBJC_IMPLICIT_RETAIN_SELF = YES;
				CLANG_WARN_OBJC_LITERAL_CONVERSION = YES;
				CLANG_WARN_OBJC_ROOT_CLASS = YES_ERROR;
				CLANG_WARN_QUOTED_INCLUDE_IN_FRAMEWORK_HEADER = YES;
				CLANG_WARN_RANGE_LOOP_ANALYSIS = YES;
				CLANG_WARN_STRICT_PROTOTYPES = YES;
				CLANG_WARN_SUSPICIOUS_MOVE = YES;
				CLANG_WARN_UNGUARDED_AVAILABILITY = YES_AGGRESSIVE;
				CLANG_WARN_UNREACHABLE_CODE = YES;
				CLANG_WARN__DUPLICATE_METHOD_MATCH = YES;
				CODE_SIGN_IDENTITY = "iPhone Developer";
				COPY_PHASE_STRIP = NO;
				DEBUG_INFORMATION_FORMAT = dwarf;
				ENABLE_STRICT_OBJC_MSGSEND = YES;
				ENABLE_TESTABILITY = YES;
				GCC_C_LANGUAGE_STANDARD = gnu11;
				GCC_DYNAMIC_NO_PIC = NO;
				GCC_NO_COMMON_BLOCKS = YES;
				GCC_OPTIMIZATION_LEVEL = 0;
				GCC_PREPROCESSOR_DEFINITIONS = (
					"DEBUG=1",
					"$(inherited)",
				);
				GCC_WARN_64_TO_32_BIT_CONVERSION = YES;
				GCC_WARN_ABOUT_RETURN_TYPE = YES_ERROR;
				GCC_WARN_UNDECLARED_SELECTOR = YES;
				GCC_WARN_UNINITIALIZED_AUTOS = YES_AGGRESSIVE;
				GCC_WARN_UNUSED_FUNCTION = YES;
				GCC_WARN_UNUSED_VARIABLE = YES;
				IPHONEOS_DEPLOYMENT_TARGET = 12.2;
				MTL_ENABLE_DEBUG_INFO = INCLUDE_SOURCE;
				MTL_FAST_MATH = YES;
				ONLY_ACTIVE_ARCH = YES;
				SDKROOT = iphoneos;
				SWIFT_ACTIVE_COMPILATION_CONDITIONS = DEBUG;
				SWIFT_OPTIMIZATION_LEVEL = "-Onone";
			};
			name = Debug;
		};
		59029C172268B638009FAE5C /* Release */ = {
			isa = XCBuildConfiguration;
			buildSettings = {
				ALWAYS_SEARCH_USER_PATHS = NO;
				CLANG_ANALYZER_NONNULL = YES;
				CLANG_ANALYZER_NUMBER_OBJECT_CONVERSION = YES_AGGRESSIVE;
				CLANG_CXX_LANGUAGE_STANDARD = "gnu++14";
				CLANG_CXX_LIBRARY = "libc++";
				CLANG_ENABLE_MODULES = YES;
				CLANG_ENABLE_OBJC_ARC = YES;
				CLANG_ENABLE_OBJC_WEAK = YES;
				CLANG_WARN_BLOCK_CAPTURE_AUTORELEASING = YES;
				CLANG_WARN_BOOL_CONVERSION = YES;
				CLANG_WARN_COMMA = YES;
				CLANG_WARN_CONSTANT_CONVERSION = YES;
				CLANG_WARN_DEPRECATED_OBJC_IMPLEMENTATIONS = YES;
				CLANG_WARN_DIRECT_OBJC_ISA_USAGE = YES_ERROR;
				CLANG_WARN_DOCUMENTATION_COMMENTS = YES;
				CLANG_WARN_EMPTY_BODY = YES;
				CLANG_WARN_ENUM_CONVERSION = YES;
				CLANG_WARN_INFINITE_RECURSION = YES;
				CLANG_WARN_INT_CONVERSION = YES;
				CLANG_WARN_NON_LITERAL_NULL_CONVERSION = YES;
				CLANG_WARN_OBJC_IMPLICIT_RETAIN_SELF = YES;
				CLANG_WARN_OBJC_LITERAL_CONVERSION = YES;
				CLANG_WARN_OBJC_ROOT_CLASS = YES_ERROR;
				CLANG_WARN_QUOTED_INCLUDE_IN_FRAMEWORK_HEADER = YES;
				CLANG_WARN_RANGE_LOOP_ANALYSIS = YES;
				CLANG_WARN_STRICT_PROTOTYPES = YES;
				CLANG_WARN_SUSPICIOUS_MOVE = YES;
				CLANG_WARN_UNGUARDED_AVAILABILITY = YES_AGGRESSIVE;
				CLANG_WARN_UNREACHABLE_CODE = YES;
				CLANG_WARN__DUPLICATE_METHOD_MATCH = YES;
				CODE_SIGN_IDENTITY = "iPhone Developer";
				COPY_PHASE_STRIP = NO;
				DEBUG_INFORMATION_FORMAT = "dwarf-with-dsym";
				ENABLE_NS_ASSERTIONS = NO;
				ENABLE_STRICT_OBJC_MSGSEND = YES;
				GCC_C_LANGUAGE_STANDARD = gnu11;
				GCC_NO_COMMON_BLOCKS = YES;
				GCC_WARN_64_TO_32_BIT_CONVERSION = YES;
				GCC_WARN_ABOUT_RETURN_TYPE = YES_ERROR;
				GCC_WARN_UNDECLARED_SELECTOR = YES;
				GCC_WARN_UNINITIALIZED_AUTOS = YES_AGGRESSIVE;
				GCC_WARN_UNUSED_FUNCTION = YES;
				GCC_WARN_UNUSED_VARIABLE = YES;
				IPHONEOS_DEPLOYMENT_TARGET = 12.2;
				MTL_ENABLE_DEBUG_INFO = NO;
				MTL_FAST_MATH = YES;
				SDKROOT = iphoneos;
				SWIFT_COMPILATION_MODE = wholemodule;
				SWIFT_OPTIMIZATION_LEVEL = "-O";
				VALIDATE_PRODUCT = YES;
			};
			name = Release;
		};
		59029C192268B638009FAE5C /* Debug */ = {
			isa = XCBuildConfiguration;
			buildSettings = {
				ASSETCATALOG_COMPILER_APPICON_NAME = AppIcon;
				CODE_SIGN_ENTITLEMENTS = "doordeck-sdk-swift-sample/doordeck-sdk-swift-sample.entitlements";
				CODE_SIGN_STYLE = Automatic;
				DEVELOPMENT_TEAM = "";
				INFOPLIST_FILE = "doordeck-sdk-swift-sample/Info.plist";
				IPHONEOS_DEPLOYMENT_TARGET = 12.0;
				LD_RUNPATH_SEARCH_PATHS = (
					"$(inherited)",
					"@executable_path/Frameworks",
				);
				PRODUCT_BUNDLE_IDENTIFIER = "com.doordeck.doordeck-sdk-swift-sample";
				PRODUCT_NAME = "$(TARGET_NAME)";
				SWIFT_VERSION = 5.0;
				TARGETED_DEVICE_FAMILY = 1;
			};
			name = Debug;
		};
		59029C1A2268B638009FAE5C /* Release */ = {
			isa = XCBuildConfiguration;
			buildSettings = {
				ASSETCATALOG_COMPILER_APPICON_NAME = AppIcon;
				CODE_SIGN_ENTITLEMENTS = "doordeck-sdk-swift-sample/doordeck-sdk-swift-sample.entitlements";
				CODE_SIGN_STYLE = Automatic;
				DEVELOPMENT_TEAM = "";
				INFOPLIST_FILE = "doordeck-sdk-swift-sample/Info.plist";
				IPHONEOS_DEPLOYMENT_TARGET = 12.0;
				LD_RUNPATH_SEARCH_PATHS = (
					"$(inherited)",
					"@executable_path/Frameworks",
				);
				PRODUCT_BUNDLE_IDENTIFIER = "com.doordeck.doordeck-sdk-swift-sample";
				PRODUCT_NAME = "$(TARGET_NAME)";
				SWIFT_VERSION = 5.0;
				TARGETED_DEVICE_FAMILY = 1;
			};
			name = Release;
		};
/* End XCBuildConfiguration section */

/* Begin XCConfigurationList section */
		59029C012268B636009FAE5C /* Build configuration list for PBXProject "doordeck-sdk-swift-sample" */ = {
			isa = XCConfigurationList;
			buildConfigurations = (
				59029C162268B638009FAE5C /* Debug */,
				59029C172268B638009FAE5C /* Release */,
			);
			defaultConfigurationIsVisible = 0;
			defaultConfigurationName = Release;
		};
		59029C182268B638009FAE5C /* Build configuration list for PBXNativeTarget "doordeck-sdk-swift-sample" */ = {
			isa = XCConfigurationList;
			buildConfigurations = (
				59029C192268B638009FAE5C /* Debug */,
				59029C1A2268B638009FAE5C /* Release */,
			);
			defaultConfigurationIsVisible = 0;
			defaultConfigurationName = Release;
		};
/* End XCConfigurationList section */
	};
	rootObject = 59029BFE2268B636009FAE5C /* Project object */;
}
