{
  "originHash" : "b3b4a59bd65e4c0a6d01616fa730401f0f8abc42fde8ea61699b964d430ff6ed",
  "pins" : [
    {
      "identity" : "doordeck-headless-sdk-spm",
      "kind" : "remoteSourceControl",
      "location" : "https://github.com/doordeck/doordeck-headless-sdk-spm",
      "state" : {
        "revision" : "f95bf7b1dd65baf30ec161f46131716da4e883aa",
        "version" : "1.74.0"
      }
    },
    {
      "identity" : "qrcodereader.swift",
      "kind" : "remoteSourceControl",
      "location" : "https://github.com/yannickl/QRCodeReader.swift.git",
      "state" : {
        "revision" : "5020b5a47199d8ba80c83a4b4fafd70e9dc9dc7f",
        "version" : "10.1.1"
      }
    },
    {
      "identity" : "reachability.swift",
      "kind" : "remoteSourceControl",
      "location" : "https://github.com/ashleymills/Reachability.swift",
      "state" : {
        "revision" : "57da4b1270cab7c2228919eabc0e4e1bf93e48ea",
        "version" : "5.2.2"
      }
    }
  ],
  "version" : 3
}
